{
  "name": "get-aws_lite",
  "lockfileVersion": 3,
  "requires": true,
  "packages": {
    "": {
      "dependencies": {
        "@architect/functions": "^8.1.6"
      }
    },
    "node_modules/@architect/functions": {
      "version": "8.1.6",
      "resolved": "https://registry.npmjs.org/@architect/functions/-/functions-8.1.6.tgz",
      "integrity": "sha512-ZDRJ+0O3pYPFjbLcKomlcoulM9vebA8pxbhdzG1QUslgcrtkRDuW1Vo/6x96joaOr57VId03wewwsrNEwbWdcw==",
      "dependencies": {
        "@aws-lite/apigatewaymanagementapi": "^0.0.8",
        "@aws-lite/client": "^0.21.7",
        "@aws-lite/dynamodb": "^0.3.4",
        "@aws-lite/sns": "^0.0.6",
        "@aws-lite/sqs": "^0.2.2",
        "@aws-lite/ssm": "^0.2.3",
        "cookie": "^0.6.0",
        "cookie-signature": "^1.2.1",
        "csrf": "^3.1.0",
        "node-webtokens": "^1.0.4",
        "run-parallel": "^1.2.0",
        "run-waterfall": "^1.1.7",
        "uid-safe": "^2.1.5"
      },
      "engines": {
        "node": ">=16"
      }
    },
    "node_modules/@aws-lite/apigatewaymanagementapi": {
      "version": "0.0.8",
      "license": "Apache-2.0",
      "engines": {
        "node": ">=16"
      }
    },
    "node_modules/@aws-lite/client": {
      "version": "0.21.7",
      "license": "Apache-2.0",
      "workspaces": [
        "plugins/acm",
        "plugins/apigateway",
        "plugins/apigatewaymanagementapi",
        "plugins/apigatewayv2",
        "plugins/cloudformation",
        "plugins/cloudfront",
        "plugins/cloudwatch-logs",
        "plugins/dynamodb",
        "plugins/lambda",
        "plugins/rds-data",
        "plugins/route53",
        "plugins/s3",
        "plugins/sns",
        "plugins/sqs",
        "plugins/ssm",
        "plugins/sts"
      ],
      "dependencies": {
        "aws4": "^1.13.0",
        "ini": "^4.1.2"
      },
      "engines": {
        "node": ">=16"
      }
    },
    "node_modules/@aws-lite/dynamodb": {
      "version": "0.3.4",
      "license": "Apache-2.0",
      "engines": {
        "node": ">=16"
      }
    },
    "node_modules/@aws-lite/sns": {
      "version": "0.0.6",
      "license": "Apache-2.0",
      "engines": {
        "node": ">=16"
      }
    },
    "node_modules/@aws-lite/sqs": {
      "version": "0.2.2",
      "license": "Apache-2.0",
      "engines": {
        "node": ">=16"
      }
    },
    "node_modules/@aws-lite/ssm": {
      "version": "0.2.3",
      "license": "Apache-2.0",
      "engines": {
        "node": ">=16"
      }
    },
    "node_modules/aws4": {
      "version": "1.13.0",
      "license": "MIT"
    },
    "node_modules/cookie": {
      "version": "0.6.0",
      "license": "MIT",
      "engines": {
        "node": ">= 0.6"
      }
    },
    "node_modules/cookie-signature": {
      "version": "1.2.1",
      "license": "MIT",
      "engines": {
        "node": ">=6.6.0"
      }
    },
    "node_modules/csrf": {
      "version": "3.1.0",
      "license": "MIT",
      "dependencies": {
        "rndm": "1.2.0",
        "tsscmp": "1.0.6",
        "uid-safe": "2.1.5"
      },
      "engines": {
        "node": ">= 0.8"
      }
    },
    "node_modules/ini": {
      "version": "4.1.2",
      "license": "ISC",
      "engines": {
        "node": "^14.17.0 || ^16.13.0 || >=18.0.0"
      }
    },
    "node_modules/node-webtokens": {
      "version": "1.0.4",
      "license": "MIT",
      "engines": {
        "node": ">=6.6.0"
      }
    },
    "node_modules/queue-microtask": {
      "version": "1.2.3",
      "funding": [
        {
          "type": "github",
          "url": "https://github.com/sponsors/feross"
        },
        {
          "type": "patreon",
          "url": "https://www.patreon.com/feross"
        },
        {
          "type": "consulting",
          "url": "https://feross.org/support"
        }
      ],
      "license": "MIT"
    },
    "node_modules/random-bytes": {
      "version": "1.0.0",
      "license": "MIT",
      "engines": {
        "node": ">= 0.8"
      }
    },
    "node_modules/rndm": {
      "version": "1.2.0",
      "license": "MIT"
    },
    "node_modules/run-parallel": {
      "version": "1.2.0",
      "funding": [
        {
          "type": "github",
          "url": "https://github.com/sponsors/feross"
        },
        {
          "type": "patreon",
          "url": "https://www.patreon.com/feross"
        },
        {
          "type": "consulting",
          "url": "https://feross.org/support"
        }
      ],
      "license": "MIT",
      "dependencies": {
        "queue-microtask": "^1.2.2"
      }
    },
    "node_modules/run-waterfall": {
      "version": "1.1.7",
      "funding": [
        {
          "type": "github",
          "url": "https://github.com/sponsors/feross"
        },
        {
          "type": "patreon",
          "url": "https://www.patreon.com/feross"
        },
        {
          "type": "consulting",
          "url": "https://feross.org/support"
        }
      ],
      "license": "MIT"
    },
    "node_modules/tsscmp": {
      "version": "1.0.6",
      "license": "MIT",
      "engines": {
        "node": ">=0.6.x"
      }
    },
    "node_modules/uid-safe": {
      "version": "2.1.5",
      "license": "MIT",
      "dependencies": {
        "random-bytes": "~1.0.0"
      },
      "engines": {
        "node": ">= 0.8"
      }
    }
  }
}
